<?xml version="1.0" encoding="utf-8"?>
<Project ToolsVersion="4.0" xmlns="http://schemas.microsoft.com/developer/msbuild/2003">
  <ItemGroup>
    <Filter Include="Source Files">
      <UniqueIdentifier>{4FC737F1-C7A5-4376-A066-2A32D752A2FF}</UniqueIdentifier>
      <Extensions>cpp;c;cc;cxx;c++;cppm;ixx;def;odl;idl;hpj;bat;asm;asmx</Extensions>
    </Filter>
    <Filter Include="Header Files">
      <UniqueIdentifier>{93995380-89BD-4b04-88EB-625FBE52EBFB}</UniqueIdentifier>
      <Extensions>h;hh;hpp;hxx;h++;hm;inl;inc;ipp;xsd</Extensions>
    </Filter>
    <Filter Include="Resource Files">
      <UniqueIdentifier>{67DA6AB6-F800-4c08-8B7A-83BB121AAD01}</UniqueIdentifier>
      <Extensions>rc;ico;cur;bmp;dlg;rc2;rct;bin;rgs;gif;jpg;jpeg;jpe;resx;tiff;tif;png;wav;mfcribbon-ms</Extensions>
    </Filter>
    <Filter Include="Resource Files\Shaders">
      <UniqueIdentifier>{55337d57-d396-4f10-b6c5-0c4c50df8e33}</UniqueIdentifier>
    </Filter>
    <Filter Include="Resource Files\Textures">
      <UniqueIdentifier>{b1a3f1b1-b554-413a-95cf-e071a3109982}</UniqueIdentifier>
    </Filter>
    <Filter Include="Header Files\ShaderObjects">
      <UniqueIdentifier>{091e5a4f-f122-4d3a-a6bb-324f422e1c13}</UniqueIdentifier>
    </Filter>
    <Filter Include="Source Files\ShaderObjects">
      <UniqueIdentifier>{a035c281-88d1-457f-8703-21c2289e3479}</UniqueIdentifier>
    </Filter>
    <Filter Include="Source Files\Model">
      <UniqueIdentifier>{577f3344-2aca-471a-9bdc-7b00f48836c1}</UniqueIdentifier>
    </Filter>
    <Filter Include="Source Files\Libraries">
      <UniqueIdentifier>{15623850-1a9e-40ba-9dd8-a71727211535}</UniqueIdentifier>
    </Filter>
    <Filter Include="Header Files\Model">
      <UniqueIdentifier>{7b01a61b-8ff3-4471-88c5-470703f61e89}</UniqueIdentifier>
    </Filter>
  </ItemGroup>
  <ItemGroup>
    <ClCompile Include="Main.cpp">
      <Filter>Source Files</Filter>
    </ClCompile>
    <ClCompile Include="EBO.cpp">
      <Filter>Source Files\ShaderObjects</Filter>
    </ClCompile>
    <ClCompile Include="postProcess.cpp">
      <Filter>Source Files\ShaderObjects</Filter>
    </ClCompile>
    <ClCompile Include="VAO.cpp">
      <Filter>Source Files\ShaderObjects</Filter>
    </ClCompile>
    <ClCompile Include="VBO.cpp">
      <Filter>Source Files\ShaderObjects</Filter>
    </ClCompile>
    <ClCompile Include="glad.c">
      <Filter>Source Files\Libraries</Filter>
    </ClCompile>
    <ClCompile Include="stb.cpp">
      <Filter>Source Files\Libraries</Filter>
    </ClCompile>
    <ClCompile Include="light.cpp">
      <Filter>Source Files\Model</Filter>
    </ClCompile>
    <ClCompile Include="camera.cpp">
      <Filter>Source Files\Model</Filter>
    </ClCompile>
    <ClCompile Include="mesh.cpp">
      <Filter>Source Files\Model</Filter>
    </ClCompile>
    <ClCompile Include="model.cpp">
      <Filter>Source Files\Model</Filter>
    </ClCompile>
    <ClCompile Include="scene.cpp">
      <Filter>Source Files\Model</Filter>
    </ClCompile>
    <ClCompile Include="shader.cpp">
      <Filter>Source Files\Model</Filter>
    </ClCompile>
    <ClCompile Include="texture.cpp">
      <Filter>Source Files\Model</Filter>
    </ClCompile>
  </ItemGroup>
  <ItemGroup>
    <None Include="default.vert">
      <Filter>Resource Files\Shaders</Filter>
    </None>
    <None Include="default.frag">
      <Filter>Resource Files\Shaders</Filter>
    </None>
    <None Include="light.frag">
      <Filter>Resource Files\Shaders</Filter>
    </None>
    <None Include="light.vert">
      <Filter>Resource Files\Shaders</Filter>
    </None>
    <None Include="framebuffer.vert">
      <Filter>Resource Files\Shaders</Filter>
    </None>
    <None Include="framebuffer.frag">
      <Filter>Resource Files\Shaders</Filter>
    </None>
  </ItemGroup>
  <ItemGroup>
    <ClInclude Include="EBO.h">
      <Filter>Header Files\ShaderObjects</Filter>
    </ClInclude>
    <ClInclude Include="postProcess.h">
      <Filter>Header Files\ShaderObjects</Filter>
    </ClInclude>
    <ClInclude Include="VAO.h">
      <Filter>Header Files\ShaderObjects</Filter>
    </ClInclude>
    <ClInclude Include="VBO.h">
      <Filter>Header Files\ShaderObjects</Filter>
    </ClInclude>
    <ClInclude Include="model.h">
      <Filter>Header Files\Model</Filter>
    </ClInclude>
    <ClInclude Include="mesh.h">
      <Filter>Header Files\Model</Filter>
    </ClInclude>
    <ClInclude Include="light.h">
      <Filter>Header Files\Model</Filter>
    </ClInclude>
    <ClInclude Include="camera.h">
      <Filter>Header Files\Model</Filter>
    </ClInclude>
    <ClInclude Include="scene.h">
      <Filter>Header Files\Model</Filter>
    </ClInclude>
    <ClInclude Include="shader.h">
      <Filter>Header Files\Model</Filter>
    </ClInclude>
    <ClInclude Include="texture.h">
      <Filter>Header Files\Model</Filter>
    </ClInclude>
  </ItemGroup>
  <ItemGroup>
    <Image Include="bidoof.jpg">
      <Filter>Resource Files\Textures</Filter>
    </Image>
    <Image Include="o.jpg">
      <Filter>Resource Files\Textures</Filter>
    </Image>
    <Image Include="grass.jpg">
      <Filter>Resource Files\Textures</Filter>
    </Image>
    <Image Include="spec_grass.jpg">
      <Filter>Resource Files\Textures</Filter>
    </Image>
  </ItemGroup>
</Project>